
Microsoft Visual Studio Solution File, Format Version 12.00
# Visual Studio Version 17
VisualStudioVersion = 17.5.33424.131
MinimumVisualStudioVersion = 10.0.40219.1
Project("{FAE04EC0-301F-11D3-BF4B-00C04F79EFBC}") = "UnitTesting", "UnitTesting\UnitTesting.csproj", "{44AC0457-7331-4FB6-A121-88D83BF04073}"
EndProject
Global
	GlobalSection(SolutionConfigurationPlatforms) = preSolution
		Debug|Any CPU = Debug|Any CPU
		Release|Any CPU = Release|Any CPU
	EndGlobalSection
	GlobalSection(ProjectConfigurationPlatforms) = postSolution
		{44AC0457-7331-4FB6-A121-88D83BF04073}.Debug|Any CPU.ActiveCfg = Debug|Any CPU
		{44AC0457-7331-4FB6-A121-88D83BF04073}.Debug|Any CPU.Build.0 = Debug|Any CPU
		{44AC0457-7331-4FB6-A121-88D83BF04073}.Release|Any CPU.ActiveCfg = Release|Any CPU
		{44AC0457-7331-4FB6-A121-88D83BF04073}.Release|Any CPU.Build.0 = Release|Any CPU
	EndGlobalSection
	GlobalSection(SolutionProperties) = preSolution
		HideSolutionNode = FALSE
	EndGlobalSection
	GlobalSection(ExtensibilityGlobals) = postSolution
		SolutionGuid = {3418092C-AE02-4D13-AEEA-551A886C5178}
	EndGlobalSection
EndGlobal
